// !$*UTF8*$!
{
	archiveVersion = 1;
	classes = {
	};
	objectVersion = 56;
	objects = {

/* Begin PBXBuildFile section */
		DA3F06DB29DB1791000F89EC /* AppDelegate.swift in Sources */ = {isa = PBXBuildFile; fileRef = DA3F06DA29DB1791000F89EC /* AppDelegate.swift */; };
		DA3F06DD29DB1791000F89EC /* SceneDelegate.swift in Sources */ = {isa = PBXBuildFile; fileRef = DA3F06DC29DB1791000F89EC /* SceneDelegate.swift */; };
		DA3F06DF29DB1791000F89EC /* HomeViewController.swift in Sources */ = {isa = PBXBuildFile; fileRef = DA3F06DE29DB1791000F89EC /* HomeViewController.swift */; };
		DA3F06E229DB1791000F89EC /* Home.storyboard in Resources */ = {isa = PBXBuildFile; fileRef = DA3F06E029DB1791000F89EC /* Home.storyboard */; };
		DA3F06E529DB1791000F89EC /* ArtBookProject.xcdatamodeld in Sources */ = {isa = PBXBuildFile; fileRef = DA3F06E329DB1791000F89EC /* ArtBookProject.xcdatamodeld */; };
		DA3F06E729DB1794000F89EC /* Assets.xcassets in Resources */ = {isa = PBXBuildFile; fileRef = DA3F06E629DB1794000F89EC /* Assets.xcassets */; };
		DA3F06EA29DB1794000F89EC /* LaunchScreen.storyboard in Resources */ = {isa = PBXBuildFile; fileRef = DA3F06E829DB1794000F89EC /* LaunchScreen.storyboard */; };
		DA3F06F329DB1852000F89EC /* DetailsViewController.swift in Sources */ = {isa = PBXBuildFile; fileRef = DA3F06F129DB1852000F89EC /* DetailsViewController.swift */; };
		DA3F06F429DB1852000F89EC /* DetailsViewController.xib in Resources */ = {isa = PBXBuildFile; fileRef = DA3F06F229DB1852000F89EC /* DetailsViewController.xib */; };
		DA3F06F729DB283A000F89EC /* DetailsViewModel.swift in Sources */ = {isa = PBXBuildFile; fileRef = DA3F06F629DB283A000F89EC /* DetailsViewModel.swift */; };
		DA3F06F929DB3703000F89EC /* HomeViewModel.swift in Sources */ = {isa = PBXBuildFile; fileRef = DA3F06F829DB3703000F89EC /* HomeViewModel.swift */; };
/* End PBXBuildFile section */

/* Begin PBXFileReference section */
		DA3F06D729DB1791000F89EC /* ArtBookProject.app */ = {isa = PBXFileReference; explicitFileType = wrapper.application; includeInIndex = 0; path = ArtBookProject.app; sourceTree = BUILT_PRODUCTS_DIR; };
		DA3F06DA29DB1791000F89EC /* AppDelegate.swift */ = {isa = PBXFileReference; lastKnownFileType = sourcecode.swift; path = AppDelegate.swift; sourceTree = "<group>"; };
		DA3F06DC29DB1791000F89EC /* SceneDelegate.swift */ = {isa = PBXFileReference; lastKnownFileType = sourcecode.swift; path = SceneDelegate.swift; sourceTree = "<group>"; };
		DA3F06DE29DB1791000F89EC /* HomeViewController.swift */ = {isa = PBXFileReference; lastKnownFileType = sourcecode.swift; path = HomeViewController.swift; sourceTree = "<group>"; };
		DA3F06E129DB1791000F89EC /* Base */ = {isa = PBXFileReference; lastKnownFileType = file.storyboard; name = Base; path = Base.lproj/Home.storyboard; sourceTree = "<group>"; };
		DA3F06E429DB1791000F89EC /* ArtBookProject.xcdatamodel */ = {isa = PBXFileReference; lastKnownFileType = wrapper.xcdatamodel; path = ArtBookProject.xcdatamodel; sourceTree = "<group>"; };
		DA3F06E629DB1794000F89EC /* Assets.xcassets */ = {isa = PBXFileReference; lastKnownFileType = folder.assetcatalog; path = Assets.xcassets; sourceTree = "<group>"; };
		DA3F06E929DB1794000F89EC /* Base */ = {isa = PBXFileReference; lastKnownFileType = file.storyboard; name = Base; path = Base.lproj/LaunchScreen.storyboard; sourceTree = "<group>"; };
		DA3F06EB29DB1794000F89EC /* Info.plist */ = {isa = PBXFileReference; lastKnownFileType = text.plist.xml; path = Info.plist; sourceTree = "<group>"; };
		DA3F06F129DB1852000F89EC /* DetailsViewController.swift */ = {isa = PBXFileReference; lastKnownFileType = sourcecode.swift; path = DetailsViewController.swift; sourceTree = "<group>"; };
		DA3F06F229DB1852000F89EC /* DetailsViewController.xib */ = {isa = PBXFileReference; lastKnownFileType = file.xib; path = DetailsViewController.xib; sourceTree = "<group>"; };
		DA3F06F629DB283A000F89EC /* DetailsViewModel.swift */ = {isa = PBXFileReference; lastKnownFileType = sourcecode.swift; path = DetailsViewModel.swift; sourceTree = "<group>"; };
		DA3F06F829DB3703000F89EC /* HomeViewModel.swift */ = {isa = PBXFileReference; lastKnownFileType = sourcecode.swift; path = HomeViewModel.swift; sourceTree = "<group>"; };
/* End PBXFileReference section */

/* Begin PBXFrameworksBuildPhase section */
		DA3F06D429DB1791000F89EC /* Frameworks */ = {
			isa = PBXFrameworksBuildPhase;
			buildActionMask = 2147483647;
			files = (
			);
			runOnlyForDeploymentPostprocessing = 0;
		};
/* End PBXFrameworksBuildPhase section */

/* Begin PBXGroup section */
		DA3F06CE29DB1791000F89EC = {
			isa = PBXGroup;
			children = (
				DA3F06D929DB1791000F89EC /* ArtBookProject */,
				DA3F06D829DB1791000F89EC /* Products */,
			);
			sourceTree = "<group>";
		};
		DA3F06D829DB1791000F89EC /* Products */ = {
			isa = PBXGroup;
			children = (
				DA3F06D729DB1791000F89EC /* ArtBookProject.app */,
			);
			name = Products;
			sourceTree = "<group>";
		};
		DA3F06D929DB1791000F89EC /* ArtBookProject */ = {
			isa = PBXGroup;
			children = (
				DA979E6729DCBAD7006E3DA3 /* Screens */,
				DA979E6629DCBAB7006E3DA3 /* Delegates */,
				DA3F06E629DB1794000F89EC /* Assets.xcassets */,
				DA3F06E829DB1794000F89EC /* LaunchScreen.storyboard */,
				DA3F06EB29DB1794000F89EC /* Info.plist */,
				DA3F06E329DB1791000F89EC /* ArtBookProject.xcdatamodeld */,
			);
			path = ArtBookProject;
			sourceTree = "<group>";
		};
		DA979E6629DCBAB7006E3DA3 /* Delegates */ = {
			isa = PBXGroup;
			children = (
				DA3F06DA29DB1791000F89EC /* AppDelegate.swift */,
				DA3F06DC29DB1791000F89EC /* SceneDelegate.swift */,
			);
			path = Delegates;
			sourceTree = "<group>";
		};
		DA979E6729DCBAD7006E3DA3 /* Screens */ = {
			isa = PBXGroup;
			children = (
				DA979E6929DCBB28006E3DA3 /* Details */,
				DA979E6829DCBB14006E3DA3 /* Home */,
			);
			path = Screens;
			sourceTree = "<group>";
		};
		DA979E6829DCBB14006E3DA3 /* Home */ = {
			isa = PBXGroup;
			children = (
				DA3F06DE29DB1791000F89EC /* HomeViewController.swift */,
				DA3F06F829DB3703000F89EC /* HomeViewModel.swift */,
				DA3F06E029DB1791000F89EC /* Home.storyboard */,
			);
			path = Home;
			sourceTree = "<group>";
		};
		DA979E6929DCBB28006E3DA3 /* Details */ = {
			isa = PBXGroup;
			children = (
				DA3F06F129DB1852000F89EC /* DetailsViewController.swift */,
				DA3F06F629DB283A000F89EC /* DetailsViewModel.swift */,
				DA3F06F229DB1852000F89EC /* DetailsViewController.xib */,
			);
			path = Details;
			sourceTree = "<group>";
		};
/* End PBXGroup section */

/* Begin PBXNativeTarget section */
		DA3F06D629DB1791000F89EC /* ArtBookProject */ = {
			isa = PBXNativeTarget;
			buildConfigurationList = DA3F06EE29DB1794000F89EC /* Build configuration list for PBXNativeTarget "ArtBookProject" */;
			buildPhases = (
				DA3F06D329DB1791000F89EC /* Sources */,
				DA3F06D429DB1791000F89EC /* Frameworks */,
				DA3F06D529DB1791000F89EC /* Resources */,
			);
			buildRules = (
			);
			dependencies = (
			);
			name = ArtBookProject;
			productName = ArtBookProject;
			productReference = DA3F06D729DB1791000F89EC /* ArtBookProject.app */;
			productType = "com.apple.product-type.application";
		};
/* End PBXNativeTarget section */

/* Begin PBXProject section */
		DA3F06CF29DB1791000F89EC /* Project object */ = {
			isa = PBXProject;
			attributes = {
				BuildIndependentTargetsInParallel = 1;
				LastSwiftUpdateCheck = 1420;
				LastUpgradeCheck = 1420;
				TargetAttributes = {
					DA3F06D629DB1791000F89EC = {
						CreatedOnToolsVersion = 14.2;
					};
				};
			};
			buildConfigurationList = DA3F06D229DB1791000F89EC /* Build configuration list for PBXProject "ArtBookProject" */;
			compatibilityVersion = "Xcode 14.0";
			developmentRegion = en;
			hasScannedForEncodings = 0;
			knownRegions = (
				en,
				Base,
			);
			mainGroup = DA3F06CE29DB1791000F89EC;
			productRefGroup = DA3F06D829DB1791000F89EC /* Products */;
			projectDirPath = "";
			projectRoot = "";
			targets = (
				DA3F06D629DB1791000F89EC /* ArtBookProject */,
			);
		};
/* End PBXProject section */

/* Begin PBXResourcesBuildPhase section */
		DA3F06D529DB1791000F89EC /* Resources */ = {
			isa = PBXResourcesBuildPhase;
			buildActionMask = 2147483647;
			files = (
				DA3F06EA29DB1794000F89EC /* LaunchScreen.storyboard in Resources */,
				DA3F06E729DB1794000F89EC /* Assets.xcassets in Resources */,
				DA3F06E229DB1791000F89EC /* Home.storyboard in Resources */,
				DA3F06F429DB1852000F89EC /* DetailsViewController.xib in Resources */,
			);
			runOnlyForDeploymentPostprocessing = 0;
		};
/* End PBXResourcesBuildPhase section */

/* Begin PBXSourcesBuildPhase section */
		DA3F06D329DB1791000F89EC /* Sources */ = {
			isa = PBXSourcesBuildPhase;
			buildActionMask = 2147483647;
			files = (
				DA3F06E529DB1791000F89EC /* ArtBookProject.xcdatamodeld in Sources */,
				DA3F06DF29DB1791000F89EC /* HomeViewController.swift in Sources */,
				DA3F06F929DB3703000F89EC /* HomeViewModel.swift in Sources */,
				DA3F06DB29DB1791000F89EC /* AppDelegate.swift in Sources */,
				DA3F06DD29DB1791000F89EC /* SceneDelegate.swift in Sources */,
				DA3F06F329DB1852000F89EC /* DetailsViewController.swift in Sources */,
				DA3F06F729DB283A000F89EC /* DetailsViewModel.swift in Sources */,
			);
			runOnlyForDeploymentPostprocessing = 0;
		};
/* End PBXSourcesBuildPhase section */

/* Begin PBXVariantGroup section */
		DA3F06E029DB1791000F89EC /* Home.storyboard */ = {
			isa = PBXVariantGroup;
			children = (
				DA3F06E129DB1791000F89EC /* Base */,
			);
			name = Home.storyboard;
			sourceTree = "<group>";
		};
		DA3F06E829DB1794000F89EC /* LaunchScreen.storyboard */ = {
			isa = PBXVariantGroup;
			children = (
				DA3F06E929DB1794000F89EC /* Base */,
			);
			name = LaunchScreen.storyboard;
			sourceTree = "<group>";
		};
/* End PBXVariantGroup section */

/* Begin XCBuildConfiguration section */
		DA3F06EC29DB1794000F89EC /* Debug */ = {
			isa = XCBuildConfiguration;
			buildSettings = {
				ALWAYS_SEARCH_USER_PATHS = NO;
				CLANG_ANALYZER_NONNULL = YES;
				CLANG_ANALYZER_NUMBER_OBJECT_CONVERSION = YES_AGGRESSIVE;
				CLANG_CXX_LANGUAGE_STANDARD = "gnu++20";
				CLANG_ENABLE_MODULES = YES;
				CLANG_ENABLE_OBJC_ARC = YES;
				CLANG_ENABLE_OBJC_WEAK = YES;
				CLANG_WARN_BLOCK_CAPTURE_AUTORELEASING = YES;
				CLANG_WARN_BOOL_CONVERSION = YES;
				CLANG_WARN_COMMA = YES;
				CLANG_WARN_CONSTANT_CONVERSION = YES;
				CLANG_WARN_DEPRECATED_OBJC_IMPLEMENTATIONS = YES;
				CLANG_WARN_DIRECT_OBJC_ISA_USAGE = YES_ERROR;
				CLANG_WARN_DOCUMENTATION_COMMENTS = YES;
				CLANG_WARN_EMPTY_BODY = YES;
				CLANG_WARN_ENUM_CONVERSION = YES;
				CLANG_WARN_INFINITE_RECURSION = YES;
				CLANG_WARN_INT_CONVERSION = YES;
				CLANG_WARN_NON_LITERAL_NULL_CONVERSION = YES;
				CLANG_WARN_OBJC_IMPLICIT_RETAIN_SELF = YES;
				CLANG_WARN_OBJC_LITERAL_CONVERSION = YES;
				CLANG_WARN_OBJC_ROOT_CLASS = YES_ERROR;
				CLANG_WARN_QUOTED_INCLUDE_IN_FRAMEWORK_HEADER = YES;
				CLANG_WARN_RANGE_LOOP_ANALYSIS = YES;
				CLANG_WARN_STRICT_PROTOTYPES = YES;
				CLANG_WARN_SUSPICIOUS_MOVE = YES;
				CLANG_WARN_UNGUARDED_AVAILABILITY = YES_AGGRESSIVE;
				CLANG_WARN_UNREACHABLE_CODE = YES;
				CLANG_WARN__DUPLICATE_METHOD_MATCH = YES;
				COPY_PHASE_STRIP = NO;
				DEBUG_INFORMATION_FORMAT = dwarf;
				ENABLE_STRICT_OBJC_MSGSEND = YES;
				ENABLE_TESTABILITY = YES;
				GCC_C_LANGUAGE_STANDARD = gnu11;
				GCC_DYNAMIC_NO_PIC = NO;
				GCC_NO_COMMON_BLOCKS = YES;
				GCC_OPTIMIZATION_LEVEL = 0;
				GCC_PREPROCESSOR_DEFINITIONS = (
					"DEBUG=1",
					"$(inherited)",
				);
				GCC_WARN_64_TO_32_BIT_CONVERSION = YES;
				GCC_WARN_ABOUT_RETURN_TYPE = YES_ERROR;
				GCC_WARN_UNDECLARED_SELECTOR = YES;
				GCC_WARN_UNINITIALIZED_AUTOS = YES_AGGRESSIVE;
				GCC_WARN_UNUSED_FUNCTION = YES;
				GCC_WARN_UNUSED_VARIABLE = YES;
				IPHONEOS_DEPLOYMENT_TARGET = 16.2;
				MTL_ENABLE_DEBUG_INFO = INCLUDE_SOURCE;
				MTL_FAST_MATH = YES;
				ONLY_ACTIVE_ARCH = YES;
				SDKROOT = iphoneos;
				SWIFT_ACTIVE_COMPILATION_CONDITIONS = DEBUG;
				SWIFT_OPTIMIZATION_LEVEL = "-Onone";
			};
			name = Debug;
		};
		DA3F06ED29DB1794000F89EC /* Release */ = {
			isa = XCBuildConfiguration;
			buildSettings = {
				ALWAYS_SEARCH_USER_PATHS = NO;
				CLANG_ANALYZER_NONNULL = YES;
				CLANG_ANALYZER_NUMBER_OBJECT_CONVERSION = YES_AGGRESSIVE;
				CLANG_CXX_LANGUAGE_STANDARD = "gnu++20";
				CLANG_ENABLE_MODULES = YES;
				CLANG_ENABLE_OBJC_ARC = YES;
				CLANG_ENABLE_OBJC_WEAK = YES;
				CLANG_WARN_BLOCK_CAPTURE_AUTORELEASING = YES;
				CLANG_WARN_BOOL_CONVERSION = YES;
				CLANG_WARN_COMMA = YES;
				CLANG_WARN_CONSTANT_CONVERSION = YES;
				CLANG_WARN_DEPRECATED_OBJC_IMPLEMENTATIONS = YES;
				CLANG_WARN_DIRECT_OBJC_ISA_USAGE = YES_ERROR;
				CLANG_WARN_DOCUMENTATION_COMMENTS = YES;
				CLANG_WARN_EMPTY_BODY = YES;
				CLANG_WARN_ENUM_CONVERSION = YES;
				CLANG_WARN_INFINITE_RECURSION = YES;
				CLANG_WARN_INT_CONVERSION = YES;
				CLANG_WARN_NON_LITERAL_NULL_CONVERSION = YES;
				CLANG_WARN_OBJC_IMPLICIT_RETAIN_SELF = YES;
				CLANG_WARN_OBJC_LITERAL_CONVERSION = YES;
				CLANG_WARN_OBJC_ROOT_CLASS = YES_ERROR;
				CLANG_WARN_QUOTED_INCLUDE_IN_FRAMEWORK_HEADER = YES;
				CLANG_WARN_RANGE_LOOP_ANALYSIS = YES;
				CLANG_WARN_STRICT_PROTOTYPES = YES;
				CLANG_WARN_SUSPICIOUS_MOVE = YES;
				CLANG_WARN_UNGUARDED_AVAILABILITY = YES_AGGRESSIVE;
				CLANG_WARN_UNREACHABLE_CODE = YES;
				CLANG_WARN__DUPLICATE_METHOD_MATCH = YES;
				COPY_PHASE_STRIP = NO;
				DEBUG_INFORMATION_FORMAT = "dwarf-with-dsym";
				ENABLE_NS_ASSERTIONS = NO;
				ENABLE_STRICT_OBJC_MSGSEND = YES;
				GCC_C_LANGUAGE_STANDARD = gnu11;
				GCC_NO_COMMON_BLOCKS = YES;
				GCC_WARN_64_TO_32_BIT_CONVERSION = YES;
				GCC_WARN_ABOUT_RETURN_TYPE = YES_ERROR;
				GCC_WARN_UNDECLARED_SELECTOR = YES;
				GCC_WARN_UNINITIALIZED_AUTOS = YES_AGGRESSIVE;
				GCC_WARN_UNUSED_FUNCTION = YES;
				GCC_WARN_UNUSED_VARIABLE = YES;
				IPHONEOS_DEPLOYMENT_TARGET = 16.2;
				MTL_ENABLE_DEBUG_INFO = NO;
				MTL_FAST_MATH = YES;
				SDKROOT = iphoneos;
				SWIFT_COMPILATION_MODE = wholemodule;
				SWIFT_OPTIMIZATION_LEVEL = "-O";
				VALIDATE_PRODUCT = YES;
			};
			name = Release;
		};
		DA3F06EF29DB1794000F89EC /* Debug */ = {
			isa = XCBuildConfiguration;
			buildSettings = {
				ASSETCATALOG_COMPILER_APPICON_NAME = AppIcon;
				ASSETCATALOG_COMPILER_GLOBAL_ACCENT_COLOR_NAME = AccentColor;
				CODE_SIGN_STYLE = Automatic;
				CURRENT_PROJECT_VERSION = 1;
				DEVELOPMENT_TEAM = M4UA5422US;
				GENERATE_INFOPLIST_FILE = YES;
				INFOPLIST_FILE = ArtBookProject/Info.plist;
				INFOPLIST_KEY_UIApplicationSupportsIndirectInputEvents = YES;
				INFOPLIST_KEY_UILaunchStoryboardName = LaunchScreen;
				INFOPLIST_KEY_UIMainStoryboardFile = Home;
				INFOPLIST_KEY_UISupportedInterfaceOrientations_iPad = "UIInterfaceOrientationPortrait UIInterfaceOrientationPortraitUpsideDown UIInterfaceOrientationLandscapeLeft UIInterfaceOrientationLandscapeRight";
				INFOPLIST_KEY_UISupportedInterfaceOrientations_iPhone = "UIInterfaceOrientationPortrait UIInterfaceOrientationLandscapeLeft UIInterfaceOrientationLandscapeRight";
				LD_RUNPATH_SEARCH_PATHS = (
					"$(inherited)",
					"@executable_path/Frameworks",
				);
				MARKETING_VERSION = 1.0;
				PRODUCT_BUNDLE_IDENTIFIER = com.serhatdemir.ArtBookProject;
				PRODUCT_NAME = "$(TARGET_NAME)";
				SWIFT_EMIT_LOC_STRINGS = YES;
				SWIFT_VERSION = 5.0;
				TARGETED_DEVICE_FAMILY = "1,2";
			};
			name = Debug;
		};
		DA3F06F029DB1794000F89EC /* Release */ = {
			isa = XCBuildConfiguration;
			buildSettings = {
				ASSETCATALOG_COMPILER_APPICON_NAME = AppIcon;
				ASSETCATALOG_COMPILER_GLOBAL_ACCENT_COLOR_NAME = AccentColor;
				CODE_SIGN_STYLE = Automatic;
				CURRENT_PROJECT_VERSION = 1;
				DEVELOPMENT_TEAM = M4UA5422US;
				GENERATE_INFOPLIST_FILE = YES;
				INFOPLIST_FILE = ArtBookProject/Info.plist;
				INFOPLIST_KEY_UIApplicationSupportsIndirectInputEvents = YES;
				INFOPLIST_KEY_UILaunchStoryboardName = LaunchScreen;
				INFOPLIST_KEY_UIMainStoryboardFile = Home;
				INFOPLIST_KEY_UISupportedInterfaceOrientations_iPad = "UIInterfaceOrientationPortrait UIInterfaceOrientationPortraitUpsideDown UIInterfaceOrientationLandscapeLeft UIInterfaceOrientationLandscapeRight";
				INFOPLIST_KEY_UISupportedInterfaceOrientations_iPhone = "UIInterfaceOrientationPortrait UIInterfaceOrientationLandscapeLeft UIInterfaceOrientationLandscapeRight";
				LD_RUNPATH_SEARCH_PATHS = (
					"$(inherited)",
					"@executable_path/Frameworks",
				);
				MARKETING_VERSION = 1.0;
				PRODUCT_BUNDLE_IDENTIFIER = com.serhatdemir.ArtBookProject;
				PRODUCT_NAME = "$(TARGET_NAME)";
				SWIFT_EMIT_LOC_STRINGS = YES;
				SWIFT_VERSION = 5.0;
				TARGETED_DEVICE_FAMILY = "1,2";
			};
			name = Release;
		};
/* End XCBuildConfiguration section */

/* Begin XCConfigurationList section */
		DA3F06D229DB1791000F89EC /* Build configuration list for PBXProject "ArtBookProject" */ = {
			isa = XCConfigurationList;
			buildConfigurations = (
				DA3F06EC29DB1794000F89EC /* Debug */,
				DA3F06ED29DB1794000F89EC /* Release */,
			);
			defaultConfigurationIsVisible = 0;
			defaultConfigurationName = Release;
		};
		DA3F06EE29DB1794000F89EC /* Build configuration list for PBXNativeTarget "ArtBookProject" */ = {
			isa = XCConfigurationList;
			buildConfigurations = (
				DA3F06EF29DB1794000F89EC /* Debug */,
				DA3F06F029DB1794000F89EC /* Release */,
			);
			defaultConfigurationIsVisible = 0;
			defaultConfigurationName = Release;
		};
/* End XCConfigurationList section */

/* Begin XCVersionGroup section */
		DA3F06E329DB1791000F89EC /* ArtBookProject.xcdatamodeld */ = {
			isa = XCVersionGroup;
			children = (
				DA3F06E429DB1791000F89EC /* ArtBookProject.xcdatamodel */,
			);
			currentVersion = DA3F06E429DB1791000F89EC /* ArtBookProject.xcdatamodel */;
			path = ArtBookProject.xcdatamodeld;
			sourceTree = "<group>";
			versionGroupType = wrapper.xcdatamodel;
		};
/* End XCVersionGroup section */
	};
	rootObject = DA3F06CF29DB1791000F89EC /* Project object */;
}
